
Microsoft Visual Studio Solution File, Format Version 12.00
# Visual Studio Version 17
VisualStudioVersion = 17.8.34330.188
MinimumVisualStudioVersion = 10.0.40219.1
Project("{FAE04EC0-301F-11D3-BF4B-00C04F79EFBC}") = "SimpleASPNETProject", "SimpleASPNETProject\SimpleASPNETProject.csproj", "{EA3B053E-2A59-4EB3-8C32-151B749AAC19}"
EndProject
Global
	GlobalSection(SolutionConfigurationPlatforms) = preSolution
		Debug|Any CPU = Debug|Any CPU
		Release|Any CPU = Release|Any CPU
	EndGlobalSection
	GlobalSection(ProjectConfigurationPlatforms) = postSolution
		{EA3B053E-2A59-4EB3-8C32-151B749AAC19}.Debug|Any CPU.ActiveCfg = Debug|Any CPU
		{EA3B053E-2A59-4EB3-8C32-151B749AAC19}.Debug|Any CPU.Build.0 = Debug|Any CPU
		{EA3B053E-2A59-4EB3-8C32-151B749AAC19}.Release|Any CPU.ActiveCfg = Release|Any CPU
		{EA3B053E-2A59-4EB3-8C32-151B749AAC19}.Release|Any CPU.Build.0 = Release|Any CPU
	EndGlobalSection
	GlobalSection(SolutionProperties) = preSolution
		HideSolutionNode = FALSE
	EndGlobalSection
	GlobalSection(ExtensibilityGlobals) = postSolution
		SolutionGuid = {506172AD-1737-4133-A9A7-4D4366D4B10A}
	EndGlobalSection
EndGlobal
